schema: '2.0'
stages:
  prepare_pix2pix_dataset:
    cmd: "python src/xraygen/pipeline/prepare_dvc_test_pix2pix_data.py --source datasets/SHAMPOOBLADEWITHTRAY_COMPLETE
      --dest datasets/_dvc_test/SHAMPOOBLADEWITHTRAY_COMPLETE --report-json reports/dvc_test/preprocess_dataset_report.json
      --link symlink\n"
    deps:
    - path: datasets/SHAMPOOBLADEWITHTRAY_COMPLETE/matched_masks/test/blade
      hash: md5
      md5: 09afd4386b0f60ca26ece2ed3de95689.dir
      size: 470313
      nfiles: 118
    - path: datasets/SHAMPOOBLADEWITHTRAY_COMPLETE/matched_masks/test/tray
      hash: md5
      md5: f245f76078910d79777d2dfa5bf771af.dir
      size: 950783
      nfiles: 118
    - path: datasets/SHAMPOOBLADEWITHTRAY_COMPLETE/matched_masks/train/blade
      hash: md5
      md5: cebf899a41edb0b897ef43e8d2419d54.dir
      size: 1910313
      nfiles: 472
    - path: datasets/SHAMPOOBLADEWITHTRAY_COMPLETE/matched_masks/train/tray
      hash: md5
      md5: ae86e1d5526d5d798b3ceaa91fb3e9bd.dir
      size: 3801223
      nfiles: 472
    - path: datasets/SHAMPOOBLADEWITHTRAY_COMPLETE/test
      hash: md5
      md5: 142f4ad859a21c743c85d203db9c1253.dir
      size: 244413644
      nfiles: 118
    - path: datasets/SHAMPOOBLADEWITHTRAY_COMPLETE/train
      hash: md5
      md5: db641be3afd0ec69666da562f5548569.dir
      size: 971603273
      nfiles: 472
    - path: src/xraygen/pipeline/prepare_dvc_test_pix2pix_data.py
      hash: md5
      md5: 790e9fbc1683887117b7212ff4a70c25
      size: 2759
    outs:
    - path: datasets/_dvc_test/SHAMPOOBLADEWITHTRAY_COMPLETE
      hash: md5
      md5: d751713988987e9331980363e24189ce.dir
      size: 0
      nfiles: 0
    - path: reports/dvc_test/preprocess_dataset_report.json
      hash: md5
      md5: b4cb3e6820b9c1de0caa42827059067d
      size: 535
  train_generator_smoke:
    cmd: "python src/xraygen/pipeline/bootstrap_pix2pix_checkpoint.py --source-dir
      checkpoints/Shampoo_NOBGR_pix2pix_StructCond_V1_Stage24_COMPLETESyn --dest-dir
      checkpoints/Shampoo_NOBGR_pix2pix_StructCond_V1_Stage24_DVC_TEST --epoch latest
      && python external/pix2pix/train.py --dataroot datasets/_dvc_test/SHAMPOOBLADEWITHTRAY_COMPLETE
      --name Shampoo_NOBGR_pix2pix_StructCond_V1_Stage24_DVC_TEST --model pix2pix
      --dataset_mode aligned --direction AtoB --input_nc 7 --output_nc 3 --class_nc
      3 --thickness_nc 1 --netG unet_256 --netD n_layers --n_layers_D 4 --norm instance
      --preprocess none --load_size 0 --crop_size 0 --no_flip --batch_size 1 --pool_size
      0 --gan_mode lsgan --lr 3e-6 --beta1 0.5 --n_epochs 100 --n_epochs_decay 50
      --max_dataset_size 128 --save_latest_freq 100000000 --save_epoch_freq 50 --continue_train
      --epoch latest --no_html --use_thickness_channel --use_edge_channel --use_coord_channels
      --return_instance_masks --use_masked_l1 --lambda_L1 25 --lambda_bg 0 --use_grad_loss
      --lambda_grad 5 --use_lap_loss --lambda_lap 2 --use_ssim_loss --lambda_ssim
      2 --d_label_smooth 0.1 --syn_gan_weight 0.5 --d_update_ratio 1 --use_tray_mask
      --tray_mask_dir datasets/_dvc_test/SHAMPOOBLADEWITHTRAY_COMPLETE/matched_masks/train/tray
      --synthetic_prob 0.5 --synthetic_combo_mode random --synthetic_prob_shampoo_only
      0.25 --synthetic_prob_blade_only 0.25 --synthetic_prob_pair_no_overlap 0.25
      --synthetic_prob_pair_overlap 0.25 --synthetic_place_tries 100 --synthetic_item_retries
      16 --synthetic_erode_px 2 --synthetic_sort_large_first --pad_to_canvas --canvas_w
      1024 --canvas_h 1024 --cutout_dir data/raw/Shampoo_nobackground/Cropped_Library
      --synthetic_blade_mask_dir datasets/_dvc_test/SHAMPOOBLADEWITHTRAY_COMPLETE/matched_masks/train/blade
      --synthetic_scale_min 0.60 --synthetic_scale_max 0.72 --synthetic_rot_min -8
      --synthetic_rot_max 8\n"
    deps:
    - path: 
        checkpoints/Shampoo_NOBGR_pix2pix_StructCond_V1_Stage24_COMPLETESyn/latest_net_D.pth
      hash: md5
      md5: d8212d81a6ba9bca6090abdb110f82c3
      size: 27871682
    - path: 
        checkpoints/Shampoo_NOBGR_pix2pix_StructCond_V1_Stage24_COMPLETESyn/latest_net_G.pth
      hash: md5
      md5: f33ca2cd71d460104636bcc70aa8325a
      size: 217670250
    - path: data/raw/Shampoo_nobackground/Cropped_Library
      hash: md5
      md5: 3c57fed84a0a2c8ed5931737115d535d.dir
      size: 34317267
      nfiles: 864
    - path: datasets/_dvc_test/SHAMPOOBLADEWITHTRAY_COMPLETE
      hash: md5
      md5: d751713988987e9331980363e24189ce.dir
      size: 0
      nfiles: 0
    - path: external/pix2pix
      hash: md5
      md5: 08ed8878bd756a76b43c63ebe232fe9f.dir
      size: 8862088
      nfiles: 116
    - path: external/pix2pix/train.py
      hash: md5
      md5: 93dbb9af197c3dedea0acc5ecad56c4e
      size: 45717
    - path: src/xraygen/pipeline/bootstrap_pix2pix_checkpoint.py
      hash: md5
      md5: ce02a67519bdefc3ceb2444847f8db99
      size: 1501
    outs:
    - path: checkpoints/Shampoo_NOBGR_pix2pix_StructCond_V1_Stage24_DVC_TEST
      hash: md5
      md5: b1b8ea788669d0d46a5accd6b0df6380.dir
      size: 982210765
      nfiles: 10
  score_real_reference:
    cmd: "python Codes_Notebooks/Pix2Pix/generate_realscore_pix2pix_MAHADIST.py --real_eval_dir
      datasets/_dvc_test/SHAMPOOBLADEWITHTRAY_COMPLETE/train --score_dir datasets/_dvc_test/SHAMPOOBLADEWITHTRAY_COMPLETE/test
      --mahal_pca_dim 32 --out_json reports/dvc_test/real_test_mahal_against_train.json\n"
    deps:
    - path: Codes_Notebooks/Pix2Pix/generate_realscore_pix2pix_MAHADIST.py
      hash: md5
      md5: 3e2e512d5997211331d7cfd1134b37de
      size: 9621
    - path: datasets/_dvc_test/SHAMPOOBLADEWITHTRAY_COMPLETE/test
      hash: md5
      md5: 142f4ad859a21c743c85d203db9c1253.dir
      size: 244413644
      nfiles: 118
    - path: datasets/_dvc_test/SHAMPOOBLADEWITHTRAY_COMPLETE/train
      hash: md5
      md5: db641be3afd0ec69666da562f5548569.dir
      size: 971603273
      nfiles: 472
    outs:
    - path: reports/dvc_test/real_test_mahal_against_train.json
      hash: md5
      md5: b36255fa2d794e6fec969aa81d526605
      size: 14791
  generate_real_ab_reference:
    cmd: "python Codes_Notebooks/Pix2Pix/generate_pix2pixV2_MAHADIST.py --model_name
      Shampoo_NOBGR_pix2pix_StructCond_V1_Stage24_DVC_TEST --generate_mode real_ab
      --real_ab_dir datasets/_dvc_test/SHAMPOOBLADEWITHTRAY_COMPLETE/train --real_ab_limit
      25 --real_ab_filter shampoo_or_shampoo_blade --real_ab_min_pixels 50 --out_dataset
      results/_dvc_test_gen_real_ab_reference --epoch latest --seed 123 --tray_mask_dir
      datasets/_dvc_test/SHAMPOOBLADEWITHTRAY_COMPLETE/matched_masks/train/tray --real_eval_dir
      datasets/_dvc_test/SHAMPOOBLADEWITHTRAY_COMPLETE/train --mahal_pca_dim 32 --keep_preview\n"
    deps:
    - path: Codes_Notebooks/Pix2Pix/generate_pix2pixV2_MAHADIST.py
      hash: md5
      md5: ee0d636221eae885584f621faa9febc0
      size: 84326
    - path: checkpoints/Shampoo_NOBGR_pix2pix_StructCond_V1_Stage24_DVC_TEST
      hash: md5
      md5: a40a1be84d27ae804e856c643dad43ef.dir
      size: 982218542
      nfiles: 11
    - path: 
        datasets/_dvc_test/SHAMPOOBLADEWITHTRAY_COMPLETE/matched_masks/train/tray
      hash: md5
      md5: ae86e1d5526d5d798b3ceaa91fb3e9bd.dir
      size: 3801223
      nfiles: 472
    - path: datasets/_dvc_test/SHAMPOOBLADEWITHTRAY_COMPLETE/train
      hash: md5
      md5: db641be3afd0ec69666da562f5548569.dir
      size: 971603273
      nfiles: 472
    outs:
    - path: results/_dvc_test_gen_real_ab_reference/fake_images
      hash: md5
      md5: 6c17947018acf48bde75e2eaab376a45.dir
      size: 18442820
      nfiles: 25
    - path: results/_dvc_test_gen_real_ab_reference/real_ab_input_summary.json
      hash: md5
      md5: 8c93075775f975797fbd49aad57940b9
      size: 6977
    - path: results/_dvc_test_gen_real_ab_reference/real_images
      hash: md5
      md5: cb32b5211f5eb95b0f584e91c8772f63.dir
      size: 9789622
      nfiles: 25
  generate_synthetic:
    cmd: "python Codes_Notebooks/Pix2Pix/generate_pix2pixV2_MAHADIST.py --model_name
      Shampoo_NOBGR_pix2pix_StructCond_V1_Stage24_DVC_TEST --generate_mode combo --combo_mode
      stage22_random --images_dir data/raw/Shampoo --coco_json data/raw/Shampoo/result.json
      --blade_mask_dir datasets/_dvc_test/SHAMPOOBLADEWITHTRAY_COMPLETE/matched_masks/train/blade
      --tray_mask_dir datasets/_dvc_test/SHAMPOOBLADEWITHTRAY_COMPLETE/matched_masks/train/tray
      --out_dataset datasets/_dvc_test_generated_combo --classes Shampoo --count 1
      --tray_mask_thr 0.5 --tray_cc_close_px 2 --tray_mask_dilate_px 0 --rand_scale_min
      0.95 --rand_scale_max 0.95 --rand_rot_min -5 --rand_rot_max 5 --horizontal_shift_only
      --max_horizontal_shift 150 --tray_horizontal_margin_px 45 --tray_vertical_margin_px
      0 --max_vertical_shift 8 --x_search_step 12 --max_transform_candidates 8 --num_scenes
      20 --seed 12 --real_eval_dir datasets/_dvc_test/SHAMPOOBLADEWITHTRAY_COMPLETE/test
      --epoch latest --mahal_pca_dim 32 --keep_preview && mkdir -p reports/dvc_test
      && cp datasets/_dvc_test_generated_combo/generated/generated_combo_summary.json
      reports/dvc_test/generated_combo_summary.json\n"
    deps:
    - path: Codes_Notebooks/Pix2Pix/generate_pix2pixV2_MAHADIST.py
      hash: md5
      md5: ee0d636221eae885584f621faa9febc0
      size: 84326
    - path: checkpoints/Shampoo_NOBGR_pix2pix_StructCond_V1_Stage24_DVC_TEST
      hash: md5
      md5: 9b833c2172737e370d7b12afed846620.dir
      size: 982218503
      nfiles: 11
    - path: data/raw/Shampoo
      hash: md5
      md5: 347842aa9d0602e5e19494f42ddfb96f.dir
      size: 312190176
      nfiles: 302
    - path: 
        datasets/_dvc_test/SHAMPOOBLADEWITHTRAY_COMPLETE/matched_masks/train/blade
      hash: md5
      md5: cebf899a41edb0b897ef43e8d2419d54.dir
      size: 1910313
      nfiles: 472
    - path: 
        datasets/_dvc_test/SHAMPOOBLADEWITHTRAY_COMPLETE/matched_masks/train/tray
      hash: md5
      md5: ae86e1d5526d5d798b3ceaa91fb3e9bd.dir
      size: 3801223
      nfiles: 472
    - path: datasets/_dvc_test/SHAMPOOBLADEWITHTRAY_COMPLETE/test
      hash: md5
      md5: 142f4ad859a21c743c85d203db9c1253.dir
      size: 244413644
      nfiles: 118
    outs:
    - path: datasets/_dvc_test_generated_combo/generated
      hash: md5
      md5: c57e8367af35aa1ec15f4dc6b9839b95.dir
      size: 37339905
      nfiles: 23
    - path: reports/dvc_test/generated_combo_summary.json
      hash: md5
      md5: 1d246b0298e113f4ba62a8d0a8e29156
      size: 9420
  filter_synthetic:
    cmd: "python src/xraygen/pipeline/filter_generated.py --generated_dir datasets/_dvc_test_generated_combo/generated
      --mahal_json datasets/_dvc_test_generated_combo/generated/generated_realism_mahalanobis.json
      --novelty_json datasets/_dvc_test_generated_combo/generated/generated_real_nn_novelty.json
      --accepted_dir datasets/_dvc_test_generated_combo/accepted --rejected_dir datasets/_dvc_test_generated_combo/rejected
      --report_json reports/dvc_test/filter_report.json --mahal_percentile 75 --novelty_min
      0.0\n"
    deps:
    - path: datasets/_dvc_test_generated_combo/generated
      hash: md5
      md5: c57e8367af35aa1ec15f4dc6b9839b95.dir
      size: 37339905
      nfiles: 23
    - path: src/xraygen/pipeline/filter_generated.py
      hash: md5
      md5: 7a0292ebe4706e3ea2d8327264a4944c
      size: 5313
    outs:
    - path: datasets/_dvc_test_generated_combo/accepted
      hash: md5
      md5: 7b5986addad7b1edf2d508fb4def3271.dir
      size: 28085083
      nfiles: 15
    - path: datasets/_dvc_test_generated_combo/rejected
      hash: md5
      md5: fb3220ac71eec33a7f96d84e63fc9117.dir
      size: 9239599
      nfiles: 5
    - path: reports/dvc_test/filter_report.json
      hash: md5
      md5: 6ab78dc0fd27c69a1666180d945a8fd9
      size: 4692
  evaluate_generator_fid_train:
    cmd: "python Codes_Notebooks/Pix2Pix/fid_eval.py --dataroot datasets/_dvc_test/SHAMPOOBLADEWITHTRAY_COMPLETE
      --name Shampoo_NOBGR_pix2pix_StructCond_V1_Stage24_DVC_TEST --epoch latest --phase
      train --work_dir reports/dvc_test/fid_eval_runs/train --max_images 50 --input_nc
      7 --output_nc 3 --netG unet_256 --netD n_layers --n_layers_D 4 --norm instance
      --class_nc 3 --preprocess none --load_size 0 --crop_size 0 --pad_to_canvas --canvas_w
      1024 --canvas_h 1024 --use_thickness_channel --use_edge_channel --use_coord_channels
      --use_tray_mask --tray_mask_dir datasets/_dvc_test/SHAMPOOBLADEWITHTRAY_COMPLETE/matched_masks/train/tray
      --synthetic_blade_mask_dir datasets/_dvc_test/SHAMPOOBLADEWITHTRAY_COMPLETE/matched_masks/train/blade\n"
    deps:
    - path: Codes_Notebooks/Pix2Pix/fid_eval.py
      hash: md5
      md5: 7d518e8a2382e675e520f17747a46c3e
      size: 13490
    - path: checkpoints/Shampoo_NOBGR_pix2pix_StructCond_V1_Stage24_DVC_TEST
      hash: md5
      md5: 40837fd544b0bfb824acad42e4dbfcad.dir
      size: 982216791
      nfiles: 11
    - path: datasets/_dvc_test/SHAMPOOBLADEWITHTRAY_COMPLETE
      hash: md5
      md5: d751713988987e9331980363e24189ce.dir
      size: 0
      nfiles: 0
    outs:
    - path: 
        reports/dvc_test/fid_eval_runs/train/Shampoo_NOBGR_pix2pix_StructCond_V1_Stage24_DVC_TEST/epoch_latest/metrics.json
      hash: md5
      md5: f18ab4a8f71ba971ea092f8411a555e4
      size: 169
  evaluate_generator_fid_test:
    cmd: "python Codes_Notebooks/Pix2Pix/fid_eval.py --dataroot datasets/_dvc_test/SHAMPOOBLADEWITHTRAY_COMPLETE
      --name Shampoo_NOBGR_pix2pix_StructCond_V1_Stage24_DVC_TEST --epoch latest --phase
      test --work_dir reports/dvc_test/fid_eval_runs/test --max_images 50 --input_nc
      7 --output_nc 3 --netG unet_256 --netD n_layers --n_layers_D 4 --norm instance
      --class_nc 3 --preprocess none --load_size 0 --crop_size 0 --pad_to_canvas --canvas_w
      1024 --canvas_h 1024 --use_thickness_channel --use_edge_channel --use_coord_channels
      --use_tray_mask --tray_mask_dir datasets/_dvc_test/SHAMPOOBLADEWITHTRAY_COMPLETE/matched_masks/test/tray
      --synthetic_blade_mask_dir datasets/_dvc_test/SHAMPOOBLADEWITHTRAY_COMPLETE/matched_masks/test/blade\n"
    deps:
    - path: Codes_Notebooks/Pix2Pix/fid_eval.py
      hash: md5
      md5: 7d518e8a2382e675e520f17747a46c3e
      size: 13490
    - path: checkpoints/Shampoo_NOBGR_pix2pix_StructCond_V1_Stage24_DVC_TEST
      hash: md5
      md5: c7e002ee418d262d04c59944a3435889.dir
      size: 982216922
      nfiles: 11
    - path: datasets/_dvc_test/SHAMPOOBLADEWITHTRAY_COMPLETE
      hash: md5
      md5: d751713988987e9331980363e24189ce.dir
      size: 0
      nfiles: 0
    outs:
    - path: 
        reports/dvc_test/fid_eval_runs/test/Shampoo_NOBGR_pix2pix_StructCond_V1_Stage24_DVC_TEST/epoch_latest/metrics.json
      hash: md5
      md5: 31acd1106ad33c05de54fb6a30408cae
      size: 166
  stage_classifier_summary:
    cmd: "python -c \"from pathlib import Path; import shutil; src=Path('reports/validation/SHAMPOOBLADEINTRAY_COMPLETEV2_two_models/combined_validation_summary.json');
      dst=Path('reports/dvc_test/classifier_validation_summary.json'); dst.parent.mkdir(parents=True,
      exist_ok=True); shutil.copy2(src, dst)\"\n"
    deps:
    - path: 
        reports/validation/SHAMPOOBLADEINTRAY_COMPLETEV2_two_models/combined_validation_summary.json
      hash: md5
      md5: 7ef6b6c8faab22e5a0292f3cd05487dc
      size: 2179
    outs:
    - path: reports/dvc_test/classifier_validation_summary.json
      hash: md5
      md5: 7ef6b6c8faab22e5a0292f3cd05487dc
      size: 2179
  evaluate_candidate:
    cmd: "python src/xraygen/pipeline/evaluate_candidate.py --filter_report reports/dvc_test/filter_report.json
      --fid_metrics reports/dvc_test/fid_eval_runs/test/Shampoo_NOBGR_pix2pix_StructCond_V1_Stage24_DVC_TEST/epoch_latest/metrics.json
      --classifier_summary reports/dvc_test/classifier_validation_summary.json --out_json
      reports/dvc_test/candidate_eval.json --min_accepted 5 --min_acceptance_rate
      0.10 --max_fid 500.0 --min_spatial_accuracy 0.85 --min_threat_accuracy 0.85
      --min_spatial_auc 0.90 --min_threat_auc 0.90\n"
    deps:
    - path: reports/dvc_test/classifier_validation_summary.json
      hash: md5
      md5: 7ef6b6c8faab22e5a0292f3cd05487dc
      size: 2179
    - path: 
        reports/dvc_test/fid_eval_runs/test/Shampoo_NOBGR_pix2pix_StructCond_V1_Stage24_DVC_TEST/epoch_latest/metrics.json
      hash: md5
      md5: 31acd1106ad33c05de54fb6a30408cae
      size: 166
    - path: reports/dvc_test/filter_report.json
      hash: md5
      md5: 6ab78dc0fd27c69a1666180d945a8fd9
      size: 4692
    - path: src/xraygen/pipeline/evaluate_candidate.py
      hash: md5
      md5: 1660bd40a929b83acb52c8ea40e27a3e
      size: 4009
    outs:
    - path: reports/dvc_test/candidate_eval.json
      hash: md5
      md5: f9d84b448e5c775bef51070b834e75be
      size: 1362
  promote_candidate:
    cmd: "python src/xraygen/pipeline/promote_if_passed.py --candidate_eval reports/dvc_test/candidate_eval.json
      --production_dir models/production_test --generator_checkpoint_dir checkpoints/Shampoo_NOBGR_pix2pix_StructCond_V1_Stage24_DVC_TEST
      --spatial_model_dir models/classifier/SHAMPOOBLADEINTRAY_COMPLETEV2_two_models/spatial_overlap_isolated
      --threat_model_dir models/classifier/SHAMPOOBLADEINTRAY_COMPLETEV2_two_models/threat_contraband_noncontraband
      --allow_hold_output\n"
    deps:
    - path: checkpoints/Shampoo_NOBGR_pix2pix_StructCond_V1_Stage24_DVC_TEST
      hash: md5
      md5: c7e002ee418d262d04c59944a3435889.dir
      size: 982216922
      nfiles: 11
    - path: 
        models/classifier/SHAMPOOBLADEINTRAY_COMPLETEV2_two_models/spatial_overlap_isolated
      hash: md5
      md5: f4d765ecd85c0ac799f6545900a31147.dir
      size: 22161723
      nfiles: 5
    - path: 
        models/classifier/SHAMPOOBLADEINTRAY_COMPLETEV2_two_models/threat_contraband_noncontraband
      hash: md5
      md5: 19d4d850be0b24cf0885cfe2a859396a.dir
      size: 22187255
      nfiles: 5
    - path: reports/dvc_test/candidate_eval.json
      hash: md5
      md5: f9d84b448e5c775bef51070b834e75be
      size: 1362
    - path: src/xraygen/pipeline/promote_if_passed.py
      hash: md5
      md5: 7ea20c7f725bc574cb9283cedce0048f
      size: 3702
    outs:
    - path: models/production_test
      hash: md5
      md5: 1b0a3897eb5f09d6690a273cf9ea55c7.dir
      size: 247216586
      nfiles: 12
